
Microsoft Visual Studio Solution File, Format Version 12.00
# Visual Studio Version 16
VisualStudioVersion = 16.0.31729.503
MinimumVisualStudioVersion = 10.0.40219.1
Project("{FAE04EC0-301F-11D3-BF4B-00C04F79EFBC}") = "Caesarova_Sifra_Konzole", "Caesarova_Sifra_Konzole\Caesarova_Sifra_Konzole.csproj", "{C40C7329-843B-4DD7-94F8-46C075DC9A85}"
EndProject
Global
	GlobalSection(SolutionConfigurationPlatforms) = preSolution
		Debug|Any CPU = Debug|Any CPU
		Release|Any CPU = Release|Any CPU
	EndGlobalSection
	GlobalSection(ProjectConfigurationPlatforms) = postSolution
		{C40C7329-843B-4DD7-94F8-46C075DC9A85}.Debug|Any CPU.ActiveCfg = Debug|Any CPU
		{C40C7329-843B-4DD7-94F8-46C075DC9A85}.Debug|Any CPU.Build.0 = Debug|Any CPU
		{C40C7329-843B-4DD7-94F8-46C075DC9A85}.Release|Any CPU.ActiveCfg = Release|Any CPU
		{C40C7329-843B-4DD7-94F8-46C075DC9A85}.Release|Any CPU.Build.0 = Release|Any CPU
	EndGlobalSection
	GlobalSection(SolutionProperties) = preSolution
		HideSolutionNode = FALSE
	EndGlobalSection
	GlobalSection(ExtensibilityGlobals) = postSolution
		SolutionGuid = {7FDDDC59-8F26-4310-97F9-1FE110D0DB6C}
	EndGlobalSection
EndGlobal
