
Microsoft Visual Studio Solution File, Format Version 12.00
# Visual Studio Version 16
VisualStudioVersion = 16.0.31729.503
MinimumVisualStudioVersion = 10.0.40219.1
Project("{FAE04EC0-301F-11D3-BF4B-00C04F79EFBC}") = "Heslo_Konzole", "Heslo_Konzole\Heslo_Konzole.csproj", "{140DC120-4891-4205-8945-9232D668E445}"
EndProject
Global
	GlobalSection(SolutionConfigurationPlatforms) = preSolution
		Debug|Any CPU = Debug|Any CPU
		Release|Any CPU = Release|Any CPU
	EndGlobalSection
	GlobalSection(ProjectConfigurationPlatforms) = postSolution
		{140DC120-4891-4205-8945-9232D668E445}.Debug|Any CPU.ActiveCfg = Debug|Any CPU
		{140DC120-4891-4205-8945-9232D668E445}.Debug|Any CPU.Build.0 = Debug|Any CPU
		{140DC120-4891-4205-8945-9232D668E445}.Release|Any CPU.ActiveCfg = Release|Any CPU
		{140DC120-4891-4205-8945-9232D668E445}.Release|Any CPU.Build.0 = Release|Any CPU
	EndGlobalSection
	GlobalSection(SolutionProperties) = preSolution
		HideSolutionNode = FALSE
	EndGlobalSection
	GlobalSection(ExtensibilityGlobals) = postSolution
		SolutionGuid = {FEBEFEF6-5FF1-4A3F-809C-931BCEB85313}
	EndGlobalSection
EndGlobal
